
Microsoft Visual Studio Solution File, Format Version 12.00
# Visual Studio Version 17
VisualStudioVersion = 17.0.32014.148
MinimumVisualStudioVersion = 10.0.40219.1
Project("{FAE04EC0-301F-11D3-BF4B-00C04F79EFBC}") = "PhantomDiscordSpammer", "PhantomDiscordSpammer.csproj", "{212EFAEA-28CD-481B-BE3A-F7B59DC690DD}"
EndProject
Global
	GlobalSection(SolutionConfigurationPlatforms) = preSolution
		Debug|Any CPU = Debug|Any CPU
		Release|Any CPU = Release|Any CPU
	EndGlobalSection
	GlobalSection(ProjectConfigurationPlatforms) = postSolution
		{212EFAEA-28CD-481B-BE3A-F7B59DC690DD}.Debug|Any CPU.ActiveCfg = Debug|Any CPU
		{212EFAEA-28CD-481B-BE3A-F7B59DC690DD}.Debug|Any CPU.Build.0 = Debug|Any CPU
		{212EFAEA-28CD-481B-BE3A-F7B59DC690DD}.Release|Any CPU.ActiveCfg = Release|Any CPU
		{212EFAEA-28CD-481B-BE3A-F7B59DC690DD}.Release|Any CPU.Build.0 = Release|Any CPU
	EndGlobalSection
	GlobalSection(SolutionProperties) = preSolution
		HideSolutionNode = FALSE
	EndGlobalSection
	GlobalSection(ExtensibilityGlobals) = postSolution
		SolutionGuid = {96133537-ABF8-4F08-9B2C-276512E969A9}
	EndGlobalSection
EndGlobal
